// !$*UTF8*$!
{
	archiveVersion = 1;
	classes = {
	};
	objectVersion = 46;
	objects = {

/* Begin PBXBuildFile section */
		314099553A494A0485F165FD /* Pods_Appostolic.framework in Frameworks */ = {isa = PBXBuildFile; fileRef = DE6C47C80F2E90E6DC38B622 /* Pods_Appostolic.framework */; settings = {ATTRIBUTES = (Required, ); }; };
		D44F1D8A1C46184E00575424 /* main.m in Sources */ = {isa = PBXBuildFile; fileRef = D44F1D891C46184E00575424 /* main.m */; };
		D44F1D981C46184E00575424 /* Assets.xcassets in Resources */ = {isa = PBXBuildFile; fileRef = D44F1D971C46184E00575424 /* Assets.xcassets */; };
		D44F1DA61C46184E00575424 /* AppostolicTests.m in Sources */ = {isa = PBXBuildFile; fileRef = D44F1DA51C46184E00575424 /* AppostolicTests.m */; };
		D44F1DB11C46184E00575424 /* AppostolicUITests.m in Sources */ = {isa = PBXBuildFile; fileRef = D44F1DB01C46184E00575424 /* AppostolicUITests.m */; };
		D46709121C713678000E80D1 /* RASDayViewController.m in Sources */ = {isa = PBXBuildFile; fileRef = D467090B1C713678000E80D1 /* RASDayViewController.m */; };
		D46709131C713678000E80D1 /* RASLiteratureViewController.m in Sources */ = {isa = PBXBuildFile; fileRef = D467090D1C713678000E80D1 /* RASLiteratureViewController.m */; };
		D46709141C713678000E80D1 /* RASMoreViewController.m in Sources */ = {isa = PBXBuildFile; fileRef = D467090F1C713678000E80D1 /* RASMoreViewController.m */; };
		D46709151C713678000E80D1 /* RASProgressViewController.m in Sources */ = {isa = PBXBuildFile; fileRef = D46709111C713678000E80D1 /* RASProgressViewController.m */; };
		D467091E1C71369D000E80D1 /* RASDayModel.m in Sources */ = {isa = PBXBuildFile; fileRef = D46709171C71369D000E80D1 /* RASDayModel.m */; };
		D467091F1C71369D000E80D1 /* RASLiturgy.m in Sources */ = {isa = PBXBuildFile; fileRef = D46709191C71369D000E80D1 /* RASLiturgy.m */; };
		D46709201C71369D000E80D1 /* RASReading.m in Sources */ = {isa = PBXBuildFile; fileRef = D467091B1C71369D000E80D1 /* RASReading.m */; };
		D46709211C71369D000E80D1 /* RASSaint.m in Sources */ = {isa = PBXBuildFile; fileRef = D467091D1C71369D000E80D1 /* RASSaint.m */; };
		D46709291C7136C3000E80D1 /* RASSquareButton.m in Sources */ = {isa = PBXBuildFile; fileRef = D46709251C7136C3000E80D1 /* RASSquareButton.m */; };
		D467092A1C7136C3000E80D1 /* RASWideButton.m in Sources */ = {isa = PBXBuildFile; fileRef = D46709271C7136C3000E80D1 /* RASWideButton.m */; };
		D467092E1C713715000E80D1 /* RASAppDelegate.m in Sources */ = {isa = PBXBuildFile; fileRef = D467092D1C713715000E80D1 /* RASAppDelegate.m */; };
		D46709321C713A23000E80D1 /* RASDayCollectionView.m in Sources */ = {isa = PBXBuildFile; fileRef = D46709311C713A23000E80D1 /* RASDayCollectionView.m */; };
		D46709351C713BBA000E80D1 /* RASMainViewController.m in Sources */ = {isa = PBXBuildFile; fileRef = D46709341C713BBA000E80D1 /* RASMainViewController.m */; };
		D46709391C714BFC000E80D1 /* LaunchScreen.storyboard in Resources */ = {isa = PBXBuildFile; fileRef = D46709381C714BFC000E80D1 /* LaunchScreen.storyboard */; };
		D467093C1C71ACCB000E80D1 /* RASDayCollectionViewCell.m in Sources */ = {isa = PBXBuildFile; fileRef = D467093B1C71ACCB000E80D1 /* RASDayCollectionViewCell.m */; };
/* End PBXBuildFile section */

/* Begin PBXContainerItemProxy section */
		D44F1DA21C46184E00575424 /* PBXContainerItemProxy */ = {
			isa = PBXContainerItemProxy;
			containerPortal = D44F1D7D1C46184E00575424 /* Project object */;
			proxyType = 1;
			remoteGlobalIDString = D44F1D841C46184E00575424;
			remoteInfo = Appostolic;
		};
		D44F1DAD1C46184E00575424 /* PBXContainerItemProxy */ = {
			isa = PBXContainerItemProxy;
			containerPortal = D44F1D7D1C46184E00575424 /* Project object */;
			proxyType = 1;
			remoteGlobalIDString = D44F1D841C46184E00575424;
			remoteInfo = Appostolic;
		};
/* End PBXContainerItemProxy section */

/* Begin PBXFileReference section */
		C0574220D23D0B4BFAF9FBB9 /* Pods-Appostolic.debug.xcconfig */ = {isa = PBXFileReference; includeInIndex = 1; lastKnownFileType = text.xcconfig; name = "Pods-Appostolic.debug.xcconfig"; path = "Pods/Target Support Files/Pods-Appostolic/Pods-Appostolic.debug.xcconfig"; sourceTree = "<group>"; };
		D44F1D851C46184E00575424 /* Appostolic.app */ = {isa = PBXFileReference; explicitFileType = wrapper.application; includeInIndex = 0; path = Appostolic.app; sourceTree = BUILT_PRODUCTS_DIR; };
		D44F1D891C46184E00575424 /* main.m */ = {isa = PBXFileReference; lastKnownFileType = sourcecode.c.objc; path = main.m; sourceTree = "<group>"; };
		D44F1D971C46184E00575424 /* Assets.xcassets */ = {isa = PBXFileReference; lastKnownFileType = folder.assetcatalog; path = Assets.xcassets; sourceTree = "<group>"; };
		D44F1D9C1C46184E00575424 /* Info.plist */ = {isa = PBXFileReference; lastKnownFileType = text.plist.xml; path = Info.plist; sourceTree = "<group>"; };
		D44F1DA11C46184E00575424 /* AppostolicTests.xctest */ = {isa = PBXFileReference; explicitFileType = wrapper.cfbundle; includeInIndex = 0; path = AppostolicTests.xctest; sourceTree = BUILT_PRODUCTS_DIR; };
		D44F1DA51C46184E00575424 /* AppostolicTests.m */ = {isa = PBXFileReference; lastKnownFileType = sourcecode.c.objc; path = AppostolicTests.m; sourceTree = "<group>"; };
		D44F1DA71C46184E00575424 /* Info.plist */ = {isa = PBXFileReference; lastKnownFileType = text.plist.xml; path = Info.plist; sourceTree = "<group>"; };
		D44F1DAC1C46184E00575424 /* AppostolicUITests.xctest */ = {isa = PBXFileReference; explicitFileType = wrapper.cfbundle; includeInIndex = 0; path = AppostolicUITests.xctest; sourceTree = BUILT_PRODUCTS_DIR; };
		D44F1DB01C46184E00575424 /* AppostolicUITests.m */ = {isa = PBXFileReference; lastKnownFileType = sourcecode.c.objc; path = AppostolicUITests.m; sourceTree = "<group>"; };
		D44F1DB21C46184E00575424 /* Info.plist */ = {isa = PBXFileReference; lastKnownFileType = text.plist.xml; path = Info.plist; sourceTree = "<group>"; };
		D467090A1C713678000E80D1 /* RASDayViewController.h */ = {isa = PBXFileReference; fileEncoding = 4; lastKnownFileType = sourcecode.c.h; path = RASDayViewController.h; sourceTree = "<group>"; };
		D467090B1C713678000E80D1 /* RASDayViewController.m */ = {isa = PBXFileReference; fileEncoding = 4; lastKnownFileType = sourcecode.c.objc; path = RASDayViewController.m; sourceTree = "<group>"; };
		D467090C1C713678000E80D1 /* RASLiteratureViewController.h */ = {isa = PBXFileReference; fileEncoding = 4; lastKnownFileType = sourcecode.c.h; path = RASLiteratureViewController.h; sourceTree = "<group>"; };
		D467090D1C713678000E80D1 /* RASLiteratureViewController.m */ = {isa = PBXFileReference; fileEncoding = 4; lastKnownFileType = sourcecode.c.objc; path = RASLiteratureViewController.m; sourceTree = "<group>"; };
		D467090E1C713678000E80D1 /* RASMoreViewController.h */ = {isa = PBXFileReference; fileEncoding = 4; lastKnownFileType = sourcecode.c.h; path = RASMoreViewController.h; sourceTree = "<group>"; };
		D467090F1C713678000E80D1 /* RASMoreViewController.m */ = {isa = PBXFileReference; fileEncoding = 4; lastKnownFileType = sourcecode.c.objc; path = RASMoreViewController.m; sourceTree = "<group>"; };
		D46709101C713678000E80D1 /* RASProgressViewController.h */ = {isa = PBXFileReference; fileEncoding = 4; lastKnownFileType = sourcecode.c.h; path = RASProgressViewController.h; sourceTree = "<group>"; };
		D46709111C713678000E80D1 /* RASProgressViewController.m */ = {isa = PBXFileReference; fileEncoding = 4; lastKnownFileType = sourcecode.c.objc; path = RASProgressViewController.m; sourceTree = "<group>"; };
		D46709161C71369D000E80D1 /* RASDayModel.h */ = {isa = PBXFileReference; fileEncoding = 4; lastKnownFileType = sourcecode.c.h; path = RASDayModel.h; sourceTree = "<group>"; };
		D46709171C71369D000E80D1 /* RASDayModel.m */ = {isa = PBXFileReference; fileEncoding = 4; lastKnownFileType = sourcecode.c.objc; path = RASDayModel.m; sourceTree = "<group>"; };
		D46709181C71369D000E80D1 /* RASLiturgy.h */ = {isa = PBXFileReference; fileEncoding = 4; lastKnownFileType = sourcecode.c.h; path = RASLiturgy.h; sourceTree = "<group>"; };
		D46709191C71369D000E80D1 /* RASLiturgy.m */ = {isa = PBXFileReference; fileEncoding = 4; lastKnownFileType = sourcecode.c.objc; path = RASLiturgy.m; sourceTree = "<group>"; };
		D467091A1C71369D000E80D1 /* RASReading.h */ = {isa = PBXFileReference; fileEncoding = 4; lastKnownFileType = sourcecode.c.h; path = RASReading.h; sourceTree = "<group>"; };
		D467091B1C71369D000E80D1 /* RASReading.m */ = {isa = PBXFileReference; fileEncoding = 4; lastKnownFileType = sourcecode.c.objc; path = RASReading.m; sourceTree = "<group>"; };
		D467091C1C71369D000E80D1 /* RASSaint.h */ = {isa = PBXFileReference; fileEncoding = 4; lastKnownFileType = sourcecode.c.h; path = RASSaint.h; sourceTree = "<group>"; };
		D467091D1C71369D000E80D1 /* RASSaint.m */ = {isa = PBXFileReference; fileEncoding = 4; lastKnownFileType = sourcecode.c.objc; path = RASSaint.m; sourceTree = "<group>"; };
		D46709241C7136C3000E80D1 /* RASSquareButton.h */ = {isa = PBXFileReference; fileEncoding = 4; lastKnownFileType = sourcecode.c.h; path = RASSquareButton.h; sourceTree = "<group>"; };
		D46709251C7136C3000E80D1 /* RASSquareButton.m */ = {isa = PBXFileReference; fileEncoding = 4; lastKnownFileType = sourcecode.c.objc; path = RASSquareButton.m; sourceTree = "<group>"; };
		D46709261C7136C3000E80D1 /* RASWideButton.h */ = {isa = PBXFileReference; fileEncoding = 4; lastKnownFileType = sourcecode.c.h; path = RASWideButton.h; sourceTree = "<group>"; };
		D46709271C7136C3000E80D1 /* RASWideButton.m */ = {isa = PBXFileReference; fileEncoding = 4; lastKnownFileType = sourcecode.c.objc; path = RASWideButton.m; sourceTree = "<group>"; };
		D467092B1C7136D0000E80D1 /* RASUtils.h */ = {isa = PBXFileReference; lastKnownFileType = sourcecode.c.h; path = RASUtils.h; sourceTree = "<group>"; };
		D467092C1C713715000E80D1 /* RASAppDelegate.h */ = {isa = PBXFileReference; fileEncoding = 4; lastKnownFileType = sourcecode.c.h; path = RASAppDelegate.h; sourceTree = "<group>"; };
		D467092D1C713715000E80D1 /* RASAppDelegate.m */ = {isa = PBXFileReference; fileEncoding = 4; lastKnownFileType = sourcecode.c.objc; path = RASAppDelegate.m; sourceTree = "<group>"; };
		D46709301C713A23000E80D1 /* RASDayCollectionView.h */ = {isa = PBXFileReference; fileEncoding = 4; lastKnownFileType = sourcecode.c.h; path = RASDayCollectionView.h; sourceTree = "<group>"; };
		D46709311C713A23000E80D1 /* RASDayCollectionView.m */ = {isa = PBXFileReference; fileEncoding = 4; lastKnownFileType = sourcecode.c.objc; path = RASDayCollectionView.m; sourceTree = "<group>"; };
		D46709331C713BBA000E80D1 /* RASMainViewController.h */ = {isa = PBXFileReference; fileEncoding = 4; lastKnownFileType = sourcecode.c.h; path = RASMainViewController.h; sourceTree = "<group>"; };
		D46709341C713BBA000E80D1 /* RASMainViewController.m */ = {isa = PBXFileReference; fileEncoding = 4; lastKnownFileType = sourcecode.c.objc; path = RASMainViewController.m; sourceTree = "<group>"; };
		D46709381C714BFC000E80D1 /* LaunchScreen.storyboard */ = {isa = PBXFileReference; fileEncoding = 4; lastKnownFileType = file.storyboard; path = LaunchScreen.storyboard; sourceTree = "<group>"; };
		D467093A1C71ACCB000E80D1 /* RASDayCollectionViewCell.h */ = {isa = PBXFileReference; fileEncoding = 4; lastKnownFileType = sourcecode.c.h; path = RASDayCollectionViewCell.h; sourceTree = "<group>"; };
		D467093B1C71ACCB000E80D1 /* RASDayCollectionViewCell.m */ = {isa = PBXFileReference; fileEncoding = 4; lastKnownFileType = sourcecode.c.objc; path = RASDayCollectionViewCell.m; sourceTree = "<group>"; };
		D4ADF9521C5020E300F5CF99 /* Appostolic-Prefix.pch */ = {isa = PBXFileReference; fileEncoding = 4; lastKnownFileType = sourcecode.c.h; name = "Appostolic-Prefix.pch"; path = "../Appostolic-Prefix.pch"; sourceTree = "<group>"; };
		D4BD0FA11C4F750800FD5201 /* GradientView.framework */ = {isa = PBXFileReference; lastKnownFileType = wrapper.framework; name = GradientView.framework; path = "Pods/../build/Debug-iphoneos/GradientView.framework"; sourceTree = "<group>"; };
		D4BD0FA21C4F750800FD5201 /* RestKit.framework */ = {isa = PBXFileReference; lastKnownFileType = wrapper.framework; name = RestKit.framework; path = "Pods/../build/Debug-iphoneos/RestKit.framework"; sourceTree = "<group>"; };
		DE6C47C80F2E90E6DC38B622 /* Pods_Appostolic.framework */ = {isa = PBXFileReference; explicitFileType = wrapper.framework; includeInIndex = 0; path = Pods_Appostolic.framework; sourceTree = BUILT_PRODUCTS_DIR; };
		E7EF5EF9D7ADD3BFDC50AD54 /* Pods-Appostolic.release.xcconfig */ = {isa = PBXFileReference; includeInIndex = 1; lastKnownFileType = text.xcconfig; name = "Pods-Appostolic.release.xcconfig"; path = "Pods/Target Support Files/Pods-Appostolic/Pods-Appostolic.release.xcconfig"; sourceTree = "<group>"; };
/* End PBXFileReference section */

/* Begin PBXFrameworksBuildPhase section */
		D44F1D821C46184E00575424 /* Frameworks */ = {
			isa = PBXFrameworksBuildPhase;
			buildActionMask = 2147483647;
			files = (
				314099553A494A0485F165FD /* Pods_Appostolic.framework in Frameworks */,
			);
			runOnlyForDeploymentPostprocessing = 0;
		};
		D44F1D9E1C46184E00575424 /* Frameworks */ = {
			isa = PBXFrameworksBuildPhase;
			buildActionMask = 2147483647;
			files = (
			);
			runOnlyForDeploymentPostprocessing = 0;
		};
		D44F1DA91C46184E00575424 /* Frameworks */ = {
			isa = PBXFrameworksBuildPhase;
			buildActionMask = 2147483647;
			files = (
			);
			runOnlyForDeploymentPostprocessing = 0;
		};
/* End PBXFrameworksBuildPhase section */

/* Begin PBXGroup section */
		3E5B41E15DDA9CDEEE4BF483 /* Frameworks */ = {
			isa = PBXGroup;
			children = (
				D4BD0FA11C4F750800FD5201 /* GradientView.framework */,
				D4BD0FA21C4F750800FD5201 /* RestKit.framework */,
				DE6C47C80F2E90E6DC38B622 /* Pods_Appostolic.framework */,
			);
			name = Frameworks;
			sourceTree = "<group>";
		};
		D41858011C476B9E00B3FCCD /* View */ = {
			isa = PBXGroup;
			children = (
				D46709381C714BFC000E80D1 /* LaunchScreen.storyboard */,
				D46709301C713A23000E80D1 /* RASDayCollectionView.h */,
				D46709311C713A23000E80D1 /* RASDayCollectionView.m */,
				D467093A1C71ACCB000E80D1 /* RASDayCollectionViewCell.h */,
				D467093B1C71ACCB000E80D1 /* RASDayCollectionViewCell.m */,
				D46709241C7136C3000E80D1 /* RASSquareButton.h */,
				D46709251C7136C3000E80D1 /* RASSquareButton.m */,
				D46709261C7136C3000E80D1 /* RASWideButton.h */,
				D46709271C7136C3000E80D1 /* RASWideButton.m */,
			);
			name = View;
			sourceTree = "<group>";
		};
		D41858021C476BA800B3FCCD /* Controller */ = {
			isa = PBXGroup;
			children = (
				D467090A1C713678000E80D1 /* RASDayViewController.h */,
				D467090B1C713678000E80D1 /* RASDayViewController.m */,
				D467090C1C713678000E80D1 /* RASLiteratureViewController.h */,
				D467090D1C713678000E80D1 /* RASLiteratureViewController.m */,
				D46709331C713BBA000E80D1 /* RASMainViewController.h */,
				D46709341C713BBA000E80D1 /* RASMainViewController.m */,
				D467090E1C713678000E80D1 /* RASMoreViewController.h */,
				D467090F1C713678000E80D1 /* RASMoreViewController.m */,
				D46709101C713678000E80D1 /* RASProgressViewController.h */,
				D46709111C713678000E80D1 /* RASProgressViewController.m */,
			);
			name = Controller;
			sourceTree = "<group>";
		};
		D41858061C476C4100B3FCCD /* Model */ = {
			isa = PBXGroup;
			children = (
				D46709161C71369D000E80D1 /* RASDayModel.h */,
				D46709171C71369D000E80D1 /* RASDayModel.m */,
				D46709181C71369D000E80D1 /* RASLiturgy.h */,
				D46709191C71369D000E80D1 /* RASLiturgy.m */,
				D467091A1C71369D000E80D1 /* RASReading.h */,
				D467091B1C71369D000E80D1 /* RASReading.m */,
				D467091C1C71369D000E80D1 /* RASSaint.h */,
				D467091D1C71369D000E80D1 /* RASSaint.m */,
			);
			name = Model;
			sourceTree = "<group>";
		};
		D44F1D7C1C46184E00575424 = {
			isa = PBXGroup;
			children = (
				D44F1D871C46184E00575424 /* Appostolic */,
				D44F1DA41C46184E00575424 /* AppostolicTests */,
				D44F1DAF1C46184E00575424 /* AppostolicUITests */,
				D44F1D861C46184E00575424 /* Products */,
				E4CE239430FDABCAEF7DEDA6 /* Pods */,
				3E5B41E15DDA9CDEEE4BF483 /* Frameworks */,
			);
			sourceTree = "<group>";
		};
		D44F1D861C46184E00575424 /* Products */ = {
			isa = PBXGroup;
			children = (
				D44F1D851C46184E00575424 /* Appostolic.app */,
				D44F1DA11C46184E00575424 /* AppostolicTests.xctest */,
				D44F1DAC1C46184E00575424 /* AppostolicUITests.xctest */,
			);
			name = Products;
			sourceTree = "<group>";
		};
		D44F1D871C46184E00575424 /* Appostolic */ = {
			isa = PBXGroup;
			children = (
				D467092F1C71371C000E80D1 /* App */,
				D41858021C476BA800B3FCCD /* Controller */,
				D41858061C476C4100B3FCCD /* Model */,
				D41858011C476B9E00B3FCCD /* View */,
				D4ADF9531C50211800F5CF99 /* Util */,
				D4ADF9541C50212C00F5CF99 /* Resources */,
				D44F1D881C46184E00575424 /* Supporting Files */,
			);
			path = Appostolic;
			sourceTree = "<group>";
		};
		D44F1D881C46184E00575424 /* Supporting Files */ = {
			isa = PBXGroup;
			children = (
				D44F1D9C1C46184E00575424 /* Info.plist */,
				D4ADF9521C5020E300F5CF99 /* Appostolic-Prefix.pch */,
				D44F1D891C46184E00575424 /* main.m */,
			);
			name = "Supporting Files";
			sourceTree = "<group>";
		};
		D44F1DA41C46184E00575424 /* AppostolicTests */ = {
			isa = PBXGroup;
			children = (
				D44F1DA51C46184E00575424 /* AppostolicTests.m */,
				D44F1DA71C46184E00575424 /* Info.plist */,
			);
			path = AppostolicTests;
			sourceTree = "<group>";
		};
		D44F1DAF1C46184E00575424 /* AppostolicUITests */ = {
			isa = PBXGroup;
			children = (
				D44F1DB01C46184E00575424 /* AppostolicUITests.m */,
				D44F1DB21C46184E00575424 /* Info.plist */,
			);
			path = AppostolicUITests;
			sourceTree = "<group>";
		};
		D467092F1C71371C000E80D1 /* App */ = {
			isa = PBXGroup;
			children = (
				D467092C1C713715000E80D1 /* RASAppDelegate.h */,
				D467092D1C713715000E80D1 /* RASAppDelegate.m */,
			);
			name = App;
			sourceTree = "<group>";
		};
		D4ADF9531C50211800F5CF99 /* Util */ = {
			isa = PBXGroup;
			children = (
				D467092B1C7136D0000E80D1 /* RASUtils.h */,
			);
			name = Util;
			sourceTree = "<group>";
		};
		D4ADF9541C50212C00F5CF99 /* Resources */ = {
			isa = PBXGroup;
			children = (
				D44F1D971C46184E00575424 /* Assets.xcassets */,
			);
			name = Resources;
			sourceTree = "<group>";
		};
		E4CE239430FDABCAEF7DEDA6 /* Pods */ = {
			isa = PBXGroup;
			children = (
				C0574220D23D0B4BFAF9FBB9 /* Pods-Appostolic.debug.xcconfig */,
				E7EF5EF9D7ADD3BFDC50AD54 /* Pods-Appostolic.release.xcconfig */,
			);
			name = Pods;
			sourceTree = "<group>";
		};
/* End PBXGroup section */

/* Begin PBXNativeTarget section */
		D44F1D841C46184E00575424 /* Appostolic */ = {
			isa = PBXNativeTarget;
			buildConfigurationList = D44F1DB51C46184E00575424 /* Build configuration list for PBXNativeTarget "Appostolic" */;
			buildPhases = (
				28E741CE243B48BF832E53B1 /* Check Pods Manifest.lock */,
				D44F1D811C46184E00575424 /* Sources */,
				D44F1D821C46184E00575424 /* Frameworks */,
				D44F1D831C46184E00575424 /* Resources */,
				AF95C67B830FE542837B3503 /* Embed Pods Frameworks */,
				D593AB4D60C7A03DDD11ABC2 /* Copy Pods Resources */,
			);
			buildRules = (
			);
			dependencies = (
			);
			name = Appostolic;
			productName = Appostolic;
			productReference = D44F1D851C46184E00575424 /* Appostolic.app */;
			productType = "com.apple.product-type.application";
		};
		D44F1DA01C46184E00575424 /* AppostolicTests */ = {
			isa = PBXNativeTarget;
			buildConfigurationList = D44F1DB81C46184E00575424 /* Build configuration list for PBXNativeTarget "AppostolicTests" */;
			buildPhases = (
				D44F1D9D1C46184E00575424 /* Sources */,
				D44F1D9E1C46184E00575424 /* Frameworks */,
				D44F1D9F1C46184E00575424 /* Resources */,
			);
			buildRules = (
			);
			dependencies = (
				D44F1DA31C46184E00575424 /* PBXTargetDependency */,
			);
			name = AppostolicTests;
			productName = AppostolicTests;
			productReference = D44F1DA11C46184E00575424 /* AppostolicTests.xctest */;
			productType = "com.apple.product-type.bundle.unit-test";
		};
		D44F1DAB1C46184E00575424 /* AppostolicUITests */ = {
			isa = PBXNativeTarget;
			buildConfigurationList = D44F1DBB1C46184E00575424 /* Build configuration list for PBXNativeTarget "AppostolicUITests" */;
			buildPhases = (
				D44F1DA81C46184E00575424 /* Sources */,
				D44F1DA91C46184E00575424 /* Frameworks */,
				D44F1DAA1C46184E00575424 /* Resources */,
			);
			buildRules = (
			);
			dependencies = (
				D44F1DAE1C46184E00575424 /* PBXTargetDependency */,
			);
			name = AppostolicUITests;
			productName = AppostolicUITests;
			productReference = D44F1DAC1C46184E00575424 /* AppostolicUITests.xctest */;
			productType = "com.apple.product-type.bundle.ui-testing";
		};
/* End PBXNativeTarget section */

/* Begin PBXProject section */
		D44F1D7D1C46184E00575424 /* Project object */ = {
			isa = PBXProject;
			attributes = {
				CLASSPREFIX = RAS;
				LastUpgradeCheck = 0720;
				ORGANIZATIONNAME = "Rob Stein";
				TargetAttributes = {
					D44F1D841C46184E00575424 = {
						CreatedOnToolsVersion = 7.2;
					};
					D44F1DA01C46184E00575424 = {
						CreatedOnToolsVersion = 7.2;
						TestTargetID = D44F1D841C46184E00575424;
					};
					D44F1DAB1C46184E00575424 = {
						CreatedOnToolsVersion = 7.2;
						TestTargetID = D44F1D841C46184E00575424;
					};
				};
			};
			buildConfigurationList = D44F1D801C46184E00575424 /* Build configuration list for PBXProject "Appostolic" */;
			compatibilityVersion = "Xcode 3.2";
			developmentRegion = English;
			hasScannedForEncodings = 0;
			knownRegions = (
				en,
				Base,
			);
			mainGroup = D44F1D7C1C46184E00575424;
			productRefGroup = D44F1D861C46184E00575424 /* Products */;
			projectDirPath = "";
			projectRoot = "";
			targets = (
				D44F1D841C46184E00575424 /* Appostolic */,
				D44F1DA01C46184E00575424 /* AppostolicTests */,
				D44F1DAB1C46184E00575424 /* AppostolicUITests */,
			);
		};
/* End PBXProject section */

/* Begin PBXResourcesBuildPhase section */
		D44F1D831C46184E00575424 /* Resources */ = {
			isa = PBXResourcesBuildPhase;
			buildActionMask = 2147483647;
			files = (
				D44F1D981C46184E00575424 /* Assets.xcassets in Resources */,
				D46709391C714BFC000E80D1 /* LaunchScreen.storyboard in Resources */,
			);
			runOnlyForDeploymentPostprocessing = 0;
		};
		D44F1D9F1C46184E00575424 /* Resources */ = {
			isa = PBXResourcesBuildPhase;
			buildActionMask = 2147483647;
			files = (
			);
			runOnlyForDeploymentPostprocessing = 0;
		};
		D44F1DAA1C46184E00575424 /* Resources */ = {
			isa = PBXResourcesBuildPhase;
			buildActionMask = 2147483647;
			files = (
			);
			runOnlyForDeploymentPostprocessing = 0;
		};
/* End PBXResourcesBuildPhase section */

/* Begin PBXShellScriptBuildPhase section */
		28E741CE243B48BF832E53B1 /* Check Pods Manifest.lock */ = {
			isa = PBXShellScriptBuildPhase;
			buildActionMask = 2147483647;
			files = (
			);
			inputPaths = (
			);
			name = "Check Pods Manifest.lock";
			outputPaths = (
			);
			runOnlyForDeploymentPostprocessing = 0;
			shellPath = /bin/sh;
			shellScript = "diff \"${PODS_ROOT}/../Podfile.lock\" \"${PODS_ROOT}/Manifest.lock\" > /dev/null\nif [[ $? != 0 ]] ; then\n    cat << EOM\nerror: The sandbox is not in sync with the Podfile.lock. Run 'pod install' or update your CocoaPods installation.\nEOM\n    exit 1\nfi\n";
			showEnvVarsInLog = 0;
		};
		AF95C67B830FE542837B3503 /* Embed Pods Frameworks */ = {
			isa = PBXShellScriptBuildPhase;
			buildActionMask = 2147483647;
			files = (
			);
			inputPaths = (
			);
			name = "Embed Pods Frameworks";
			outputPaths = (
			);
			runOnlyForDeploymentPostprocessing = 0;
			shellPath = /bin/sh;
			shellScript = "\"${SRCROOT}/Pods/Target Support Files/Pods-Appostolic/Pods-Appostolic-frameworks.sh\"\n";
			showEnvVarsInLog = 0;
		};
		D593AB4D60C7A03DDD11ABC2 /* Copy Pods Resources */ = {
			isa = PBXShellScriptBuildPhase;
			buildActionMask = 2147483647;
			files = (
			);
			inputPaths = (
			);
			name = "Copy Pods Resources";
			outputPaths = (
			);
			runOnlyForDeploymentPostprocessing = 0;
			shellPath = /bin/sh;
			shellScript = "\"${SRCROOT}/Pods/Target Support Files/Pods-Appostolic/Pods-Appostolic-resources.sh\"\n";
			showEnvVarsInLog = 0;
		};
/* End PBXShellScriptBuildPhase section */

/* Begin PBXSourcesBuildPhase section */
		D44F1D811C46184E00575424 /* Sources */ = {
			isa = PBXSourcesBuildPhase;
			buildActionMask = 2147483647;
			files = (
				D46709151C713678000E80D1 /* RASProgressViewController.m in Sources */,
				D467091F1C71369D000E80D1 /* RASLiturgy.m in Sources */,
				D467091E1C71369D000E80D1 /* RASDayModel.m in Sources */,
				D46709121C713678000E80D1 /* RASDayViewController.m in Sources */,
				D46709351C713BBA000E80D1 /* RASMainViewController.m in Sources */,
				D46709131C713678000E80D1 /* RASLiteratureViewController.m in Sources */,
				D467092A1C7136C3000E80D1 /* RASWideButton.m in Sources */,
				D46709141C713678000E80D1 /* RASMoreViewController.m in Sources */,
				D46709211C71369D000E80D1 /* RASSaint.m in Sources */,
				D467093C1C71ACCB000E80D1 /* RASDayCollectionViewCell.m in Sources */,
				D44F1D8A1C46184E00575424 /* main.m in Sources */,
				D46709201C71369D000E80D1 /* RASReading.m in Sources */,
				D46709321C713A23000E80D1 /* RASDayCollectionView.m in Sources */,
				D46709291C7136C3000E80D1 /* RASSquareButton.m in Sources */,
				D467092E1C713715000E80D1 /* RASAppDelegate.m in Sources */,
			);
			runOnlyForDeploymentPostprocessing = 0;
		};
		D44F1D9D1C46184E00575424 /* Sources */ = {
			isa = PBXSourcesBuildPhase;
			buildActionMask = 2147483647;
			files = (
				D44F1DA61C46184E00575424 /* AppostolicTests.m in Sources */,
			);
			runOnlyForDeploymentPostprocessing = 0;
		};
		D44F1DA81C46184E00575424 /* Sources */ = {
			isa = PBXSourcesBuildPhase;
			buildActionMask = 2147483647;
			files = (
				D44F1DB11C46184E00575424 /* AppostolicUITests.m in Sources */,
			);
			runOnlyForDeploymentPostprocessing = 0;
		};
/* End PBXSourcesBuildPhase section */

/* Begin PBXTargetDependency section */
		D44F1DA31C46184E00575424 /* PBXTargetDependency */ = {
			isa = PBXTargetDependency;
			target = D44F1D841C46184E00575424 /* Appostolic */;
			targetProxy = D44F1DA21C46184E00575424 /* PBXContainerItemProxy */;
		};
		D44F1DAE1C46184E00575424 /* PBXTargetDependency */ = {
			isa = PBXTargetDependency;
			target = D44F1D841C46184E00575424 /* Appostolic */;
			targetProxy = D44F1DAD1C46184E00575424 /* PBXContainerItemProxy */;
		};
/* End PBXTargetDependency section */

/* Begin XCBuildConfiguration section */
		D44F1DB31C46184E00575424 /* Debug */ = {
			isa = XCBuildConfiguration;
			buildSettings = {
				ALWAYS_SEARCH_USER_PATHS = NO;
				CLANG_ALLOW_NON_MODULAR_INCLUDES_IN_FRAMEWORK_MODULES = NO;
				CLANG_CXX_LANGUAGE_STANDARD = "gnu++0x";
				CLANG_CXX_LIBRARY = "libc++";
				CLANG_ENABLE_MODULES = YES;
				CLANG_ENABLE_OBJC_ARC = YES;
				CLANG_WARN_BOOL_CONVERSION = YES;
				CLANG_WARN_CONSTANT_CONVERSION = YES;
				CLANG_WARN_DIRECT_OBJC_ISA_USAGE = YES_ERROR;
				CLANG_WARN_EMPTY_BODY = YES;
				CLANG_WARN_ENUM_CONVERSION = YES;
				CLANG_WARN_INT_CONVERSION = YES;
				CLANG_WARN_OBJC_ROOT_CLASS = YES_ERROR;
				CLANG_WARN_UNREACHABLE_CODE = YES;
				CLANG_WARN__DUPLICATE_METHOD_MATCH = YES;
				"CODE_SIGN_IDENTITY[sdk=iphoneos*]" = "iPhone Developer";
				COPY_PHASE_STRIP = NO;
				DEBUG_INFORMATION_FORMAT = dwarf;
				EMBEDDED_CONTENT_CONTAINS_SWIFT = NO;
				ENABLE_STRICT_OBJC_MSGSEND = YES;
				ENABLE_TESTABILITY = YES;
				GCC_C_LANGUAGE_STANDARD = gnu99;
				GCC_DYNAMIC_NO_PIC = NO;
				GCC_NO_COMMON_BLOCKS = YES;
				GCC_OPTIMIZATION_LEVEL = 0;
				GCC_PREPROCESSOR_DEFINITIONS = (
					"DEBUG=1",
					"$(inherited)",
				);
				GCC_WARN_64_TO_32_BIT_CONVERSION = YES;
				GCC_WARN_ABOUT_RETURN_TYPE = YES_ERROR;
				GCC_WARN_UNDECLARED_SELECTOR = YES;
				GCC_WARN_UNINITIALIZED_AUTOS = YES_AGGRESSIVE;
				GCC_WARN_UNUSED_FUNCTION = YES;
				GCC_WARN_UNUSED_VARIABLE = YES;
				IPHONEOS_DEPLOYMENT_TARGET = 9.2;
				MTL_ENABLE_DEBUG_INFO = YES;
				ONLY_ACTIVE_ARCH = YES;
				SDKROOT = iphoneos;
				TARGETED_DEVICE_FAMILY = "1,2";
			};
			name = Debug;
		};
		D44F1DB41C46184E00575424 /* Release */ = {
			isa = XCBuildConfiguration;
			buildSettings = {
				ALWAYS_SEARCH_USER_PATHS = NO;
				CLANG_ALLOW_NON_MODULAR_INCLUDES_IN_FRAMEWORK_MODULES = NO;
				CLANG_CXX_LANGUAGE_STANDARD = "gnu++0x";
				CLANG_CXX_LIBRARY = "libc++";
				CLANG_ENABLE_MODULES = YES;
				CLANG_ENABLE_OBJC_ARC = YES;
				CLANG_WARN_BOOL_CONVERSION = YES;
				CLANG_WARN_CONSTANT_CONVERSION = YES;
				CLANG_WARN_DIRECT_OBJC_ISA_USAGE = YES_ERROR;
				CLANG_WARN_EMPTY_BODY = YES;
				CLANG_WARN_ENUM_CONVERSION = YES;
				CLANG_WARN_INT_CONVERSION = YES;
				CLANG_WARN_OBJC_ROOT_CLASS = YES_ERROR;
				CLANG_WARN_UNREACHABLE_CODE = YES;
				CLANG_WARN__DUPLICATE_METHOD_MATCH = YES;
				"CODE_SIGN_IDENTITY[sdk=iphoneos*]" = "iPhone Developer";
				COPY_PHASE_STRIP = NO;
				DEBUG_INFORMATION_FORMAT = "dwarf-with-dsym";
				EMBEDDED_CONTENT_CONTAINS_SWIFT = NO;
				ENABLE_NS_ASSERTIONS = NO;
				ENABLE_STRICT_OBJC_MSGSEND = YES;
				GCC_C_LANGUAGE_STANDARD = gnu99;
				GCC_NO_COMMON_BLOCKS = YES;
				GCC_WARN_64_TO_32_BIT_CONVERSION = YES;
				GCC_WARN_ABOUT_RETURN_TYPE = YES_ERROR;
				GCC_WARN_UNDECLARED_SELECTOR = YES;
				GCC_WARN_UNINITIALIZED_AUTOS = YES_AGGRESSIVE;
				GCC_WARN_UNUSED_FUNCTION = YES;
				GCC_WARN_UNUSED_VARIABLE = YES;
				IPHONEOS_DEPLOYMENT_TARGET = 9.2;
				MTL_ENABLE_DEBUG_INFO = NO;
				SDKROOT = iphoneos;
				TARGETED_DEVICE_FAMILY = "1,2";
				VALIDATE_PRODUCT = YES;
			};
			name = Release;
		};
		D44F1DB61C46184E00575424 /* Debug */ = {
			isa = XCBuildConfiguration;
			baseConfigurationReference = C0574220D23D0B4BFAF9FBB9 /* Pods-Appostolic.debug.xcconfig */;
			buildSettings = {
				ASSETCATALOG_COMPILER_APPICON_NAME = AppIcon;
				FRAMEWORK_SEARCH_PATHS = (
					"$(inherited)",
					"$(PROJECT_DIR)/build/Debug-iphoneos",
				);
				GCC_PREFIX_HEADER = "$(SRCROOT)/Appostolic-Prefix.pch";
				HEADER_SEARCH_PATHS = (
					"$(inherited)/**",
					"\"${PODS_ROOT}/Headers/Public\"/**",
					"\"${PODS_ROOT}/Headers/Public/AFNetworking\"/**",
					"\"${PODS_ROOT}/Headers/Public/ISO8601DateFormatterValueTransformer\"/**",
					"\"${PODS_ROOT}/Headers/Public/RKValueTransformers\"/**",
					"\"${PODS_ROOT}/Headers/Public/RestKit\"/**",
					"\"${PODS_ROOT}/Headers/Public/SOCKit\"/**",
					"\"${PODS_ROOT}/Headers/Public/TransitionKit\"/**",
				);
				INFOPLIST_FILE = Appostolic/Info.plist;
				LD_RUNPATH_SEARCH_PATHS = "$(inherited) @executable_path/Frameworks";
				PRODUCT_BUNDLE_IDENTIFIER = com.robert.stein.Appostolic;
				PRODUCT_NAME = "$(TARGET_NAME)";
			};
			name = Debug;
		};
		D44F1DB71C46184E00575424 /* Release */ = {
			isa = XCBuildConfiguration;
			baseConfigurationReference = E7EF5EF9D7ADD3BFDC50AD54 /* Pods-Appostolic.release.xcconfig */;
			buildSettings = {
				ASSETCATALOG_COMPILER_APPICON_NAME = AppIcon;
				FRAMEWORK_SEARCH_PATHS = (
					"$(inherited)",
					"$(PROJECT_DIR)/build/Debug-iphoneos",
				);
				GCC_PREFIX_HEADER = "$(SRCROOT)/Appostolic-Prefix.pch";
				HEADER_SEARCH_PATHS = (
					"$(inherited)/**",
					"\"${PODS_ROOT}/Headers/Public\"/**",
					"\"${PODS_ROOT}/Headers/Public/AFNetworking\"/**",
					"\"${PODS_ROOT}/Headers/Public/ISO8601DateFormatterValueTransformer\"/**",
					"\"${PODS_ROOT}/Headers/Public/RKValueTransformers\"/**",
					"\"${PODS_ROOT}/Headers/Public/RestKit\"/**",
					"\"${PODS_ROOT}/Headers/Public/SOCKit\"/**",
					"\"${PODS_ROOT}/Headers/Public/TransitionKit\"/**",
				);
				INFOPLIST_FILE = Appostolic/Info.plist;
				LD_RUNPATH_SEARCH_PATHS = "$(inherited) @executable_path/Frameworks";
				PRODUCT_BUNDLE_IDENTIFIER = com.robert.stein.Appostolic;
				PRODUCT_NAME = "$(TARGET_NAME)";
			};
			name = Release;
		};
		D44F1DB91C46184E00575424 /* Debug */ = {
			isa = XCBuildConfiguration;
			buildSettings = {
				BUNDLE_LOADER = "$(TEST_HOST)";
				INFOPLIST_FILE = AppostolicTests/Info.plist;
				LD_RUNPATH_SEARCH_PATHS = "$(inherited) @executable_path/Frameworks @loader_path/Frameworks";
				PRODUCT_BUNDLE_IDENTIFIER = com.robert.stein.AppostolicTests;
				PRODUCT_NAME = "$(TARGET_NAME)";
				TEST_HOST = "$(BUILT_PRODUCTS_DIR)/Appostolic.app/Appostolic";
			};
			name = Debug;
		};
		D44F1DBA1C46184E00575424 /* Release */ = {
			isa = XCBuildConfiguration;
			buildSettings = {
				BUNDLE_LOADER = "$(TEST_HOST)";
				INFOPLIST_FILE = AppostolicTests/Info.plist;
				LD_RUNPATH_SEARCH_PATHS = "$(inherited) @executable_path/Frameworks @loader_path/Frameworks";
				PRODUCT_BUNDLE_IDENTIFIER = com.robert.stein.AppostolicTests;
				PRODUCT_NAME = "$(TARGET_NAME)";
				TEST_HOST = "$(BUILT_PRODUCTS_DIR)/Appostolic.app/Appostolic";
			};
			name = Release;
		};
		D44F1DBC1C46184E00575424 /* Debug */ = {
			isa = XCBuildConfiguration;
			buildSettings = {
				INFOPLIST_FILE = AppostolicUITests/Info.plist;
				LD_RUNPATH_SEARCH_PATHS = "$(inherited) @executable_path/Frameworks @loader_path/Frameworks";
				PRODUCT_BUNDLE_IDENTIFIER = com.robert.stein.AppostolicUITests;
				PRODUCT_NAME = "$(TARGET_NAME)";
				TEST_TARGET_NAME = Appostolic;
				USES_XCTRUNNER = YES;
			};
			name = Debug;
		};
		D44F1DBD1C46184E00575424 /* Release */ = {
			isa = XCBuildConfiguration;
			buildSettings = {
				INFOPLIST_FILE = AppostolicUITests/Info.plist;
				LD_RUNPATH_SEARCH_PATHS = "$(inherited) @executable_path/Frameworks @loader_path/Frameworks";
				PRODUCT_BUNDLE_IDENTIFIER = com.robert.stein.AppostolicUITests;
				PRODUCT_NAME = "$(TARGET_NAME)";
				TEST_TARGET_NAME = Appostolic;
				USES_XCTRUNNER = YES;
			};
			name = Release;
		};
/* End XCBuildConfiguration section */

/* Begin XCConfigurationList section */
		D44F1D801C46184E00575424 /* Build configuration list for PBXProject "Appostolic" */ = {
			isa = XCConfigurationList;
			buildConfigurations = (
				D44F1DB31C46184E00575424 /* Debug */,
				D44F1DB41C46184E00575424 /* Release */,
			);
			defaultConfigurationIsVisible = 0;
			defaultConfigurationName = Release;
		};
		D44F1DB51C46184E00575424 /* Build configuration list for PBXNativeTarget "Appostolic" */ = {
			isa = XCConfigurationList;
			buildConfigurations = (
				D44F1DB61C46184E00575424 /* Debug */,
				D44F1DB71C46184E00575424 /* Release */,
			);
			defaultConfigurationIsVisible = 0;
			defaultConfigurationName = Release;
		};
		D44F1DB81C46184E00575424 /* Build configuration list for PBXNativeTarget "AppostolicTests" */ = {
			isa = XCConfigurationList;
			buildConfigurations = (
				D44F1DB91C46184E00575424 /* Debug */,
				D44F1DBA1C46184E00575424 /* Release */,
			);
			defaultConfigurationIsVisible = 0;
			defaultConfigurationName = Release;
		};
		D44F1DBB1C46184E00575424 /* Build configuration list for PBXNativeTarget "AppostolicUITests" */ = {
			isa = XCConfigurationList;
			buildConfigurations = (
				D44F1DBC1C46184E00575424 /* Debug */,
				D44F1DBD1C46184E00575424 /* Release */,
			);
			defaultConfigurationIsVisible = 0;
			defaultConfigurationName = Release;
		};
/* End XCConfigurationList section */
	};
	rootObject = D44F1D7D1C46184E00575424 /* Project object */;
}
